
Microsoft Visual Studio Solution File, Format Version 12.00
# Visual Studio Version 16
VisualStudioVersion = 16.0.32901.82
MinimumVisualStudioVersion = 10.0.40219.1
Project("{FAE04EC0-301F-11D3-BF4B-00C04F79EFBC}") = "OOP3", "OOP3\OOP3.csproj", "{84249A21-A7FE-456C-839A-7AADAE002ECE}"
EndProject
Global
	GlobalSection(SolutionConfigurationPlatforms) = preSolution
		Debug|Any CPU = Debug|Any CPU
		Release|Any CPU = Release|Any CPU
	EndGlobalSection
	GlobalSection(ProjectConfigurationPlatforms) = postSolution
		{84249A21-A7FE-456C-839A-7AADAE002ECE}.Debug|Any CPU.ActiveCfg = Debug|Any CPU
		{84249A21-A7FE-456C-839A-7AADAE002ECE}.Debug|Any CPU.Build.0 = Debug|Any CPU
		{84249A21-A7FE-456C-839A-7AADAE002ECE}.Release|Any CPU.ActiveCfg = Release|Any CPU
		{84249A21-A7FE-456C-839A-7AADAE002ECE}.Release|Any CPU.Build.0 = Release|Any CPU
	EndGlobalSection
	GlobalSection(SolutionProperties) = preSolution
		HideSolutionNode = FALSE
	EndGlobalSection
	GlobalSection(ExtensibilityGlobals) = postSolution
		SolutionGuid = {5F2F7277-C5A6-43B0-8308-4AB63205C0F7}
	EndGlobalSection
EndGlobal
